// !$*UTF8*$!
{
	archiveVersion = 1;
	classes = {
	};
	objectVersion = 50;
	objects = {

/* Begin PBXBuildFile section */
		E112FC0823E1BCB600360F2C /* TaskRepresentation.swift in Sources */ = {isa = PBXBuildFile; fileRef = E112FC0723E1BCB600360F2C /* TaskRepresentation.swift */; };
		E18A870B23DF1758002E0939 /* AppDelegate.swift in Sources */ = {isa = PBXBuildFile; fileRef = E18A870A23DF1758002E0939 /* AppDelegate.swift */; };
		E18A870D23DF1758002E0939 /* SceneDelegate.swift in Sources */ = {isa = PBXBuildFile; fileRef = E18A870C23DF1758002E0939 /* SceneDelegate.swift */; };
		E18A871223DF1758002E0939 /* Main.storyboard in Resources */ = {isa = PBXBuildFile; fileRef = E18A871023DF1758002E0939 /* Main.storyboard */; };
		E18A871423DF175D002E0939 /* Assets.xcassets in Resources */ = {isa = PBXBuildFile; fileRef = E18A871323DF175D002E0939 /* Assets.xcassets */; };
		E18A871723DF175D002E0939 /* LaunchScreen.storyboard in Resources */ = {isa = PBXBuildFile; fileRef = E18A871523DF175D002E0939 /* LaunchScreen.storyboard */; };
		E18A872023DF1BF2002E0939 /* Tasks.xcdatamodeld in Sources */ = {isa = PBXBuildFile; fileRef = E18A871E23DF1BF2002E0939 /* Tasks.xcdatamodeld */; };
		E18A872223DF2354002E0939 /* Task+Convenience.swift in Sources */ = {isa = PBXBuildFile; fileRef = E18A872123DF2354002E0939 /* Task+Convenience.swift */; };
		E18A872423DF29BF002E0939 /* CoreDataStack.swift in Sources */ = {isa = PBXBuildFile; fileRef = E18A872323DF29BF002E0939 /* CoreDataStack.swift */; };
		E18A872623DF2E5F002E0939 /* TaskController.swift in Sources */ = {isa = PBXBuildFile; fileRef = E18A872523DF2E5F002E0939 /* TaskController.swift */; };
		E18A872923DF336C002E0939 /* TasksTableViewController.swift in Sources */ = {isa = PBXBuildFile; fileRef = E18A872823DF336C002E0939 /* TasksTableViewController.swift */; };
		E18A872B23DF3380002E0939 /* TaskDetailViewController.swift in Sources */ = {isa = PBXBuildFile; fileRef = E18A872A23DF3380002E0939 /* TaskDetailViewController.swift */; };
/* End PBXBuildFile section */

/* Begin PBXFileReference section */
		E112FC0623E1B1FC00360F2C /* Tasks 3.xcdatamodel */ = {isa = PBXFileReference; lastKnownFileType = wrapper.xcdatamodel; path = "Tasks 3.xcdatamodel"; sourceTree = "<group>"; };
		E112FC0723E1BCB600360F2C /* TaskRepresentation.swift */ = {isa = PBXFileReference; lastKnownFileType = sourcecode.swift; path = TaskRepresentation.swift; sourceTree = "<group>"; };
		E17C79DE23E065B0005C3AC9 /* Tasks 2.xcdatamodel */ = {isa = PBXFileReference; lastKnownFileType = wrapper.xcdatamodel; path = "Tasks 2.xcdatamodel"; sourceTree = "<group>"; };
		E18A870723DF1758002E0939 /* Tasks.app */ = {isa = PBXFileReference; explicitFileType = wrapper.application; includeInIndex = 0; path = Tasks.app; sourceTree = BUILT_PRODUCTS_DIR; };
		E18A870A23DF1758002E0939 /* AppDelegate.swift */ = {isa = PBXFileReference; lastKnownFileType = sourcecode.swift; path = AppDelegate.swift; sourceTree = "<group>"; };
		E18A870C23DF1758002E0939 /* SceneDelegate.swift */ = {isa = PBXFileReference; lastKnownFileType = sourcecode.swift; path = SceneDelegate.swift; sourceTree = "<group>"; };
		E18A871123DF1758002E0939 /* Base */ = {isa = PBXFileReference; lastKnownFileType = file.storyboard; name = Base; path = Base.lproj/Main.storyboard; sourceTree = "<group>"; };
		E18A871323DF175D002E0939 /* Assets.xcassets */ = {isa = PBXFileReference; lastKnownFileType = folder.assetcatalog; path = Assets.xcassets; sourceTree = "<group>"; };
		E18A871623DF175D002E0939 /* Base */ = {isa = PBXFileReference; lastKnownFileType = file.storyboard; name = Base; path = Base.lproj/LaunchScreen.storyboard; sourceTree = "<group>"; };
		E18A871823DF175D002E0939 /* Info.plist */ = {isa = PBXFileReference; lastKnownFileType = text.plist.xml; path = Info.plist; sourceTree = "<group>"; };
		E18A871F23DF1BF2002E0939 /* Tasks.xcdatamodel */ = {isa = PBXFileReference; lastKnownFileType = wrapper.xcdatamodel; path = Tasks.xcdatamodel; sourceTree = "<group>"; };
		E18A872123DF2354002E0939 /* Task+Convenience.swift */ = {isa = PBXFileReference; lastKnownFileType = sourcecode.swift; path = "Task+Convenience.swift"; sourceTree = "<group>"; };
		E18A872323DF29BF002E0939 /* CoreDataStack.swift */ = {isa = PBXFileReference; lastKnownFileType = sourcecode.swift; path = CoreDataStack.swift; sourceTree = "<group>"; };
		E18A872523DF2E5F002E0939 /* TaskController.swift */ = {isa = PBXFileReference; lastKnownFileType = sourcecode.swift; path = TaskController.swift; sourceTree = "<group>"; };
		E18A872823DF336C002E0939 /* TasksTableViewController.swift */ = {isa = PBXFileReference; lastKnownFileType = sourcecode.swift; path = TasksTableViewController.swift; sourceTree = "<group>"; };
		E18A872A23DF3380002E0939 /* TaskDetailViewController.swift */ = {isa = PBXFileReference; lastKnownFileType = sourcecode.swift; path = TaskDetailViewController.swift; sourceTree = "<group>"; };
/* End PBXFileReference section */

/* Begin PBXFrameworksBuildPhase section */
		E18A870423DF1758002E0939 /* Frameworks */ = {
			isa = PBXFrameworksBuildPhase;
			buildActionMask = 2147483647;
			files = (
			);
			runOnlyForDeploymentPostprocessing = 0;
		};
/* End PBXFrameworksBuildPhase section */

/* Begin PBXGroup section */
		E112FC0923E1F22C00360F2C /* Models */ = {
			isa = PBXGroup;
			children = (
				E18A872323DF29BF002E0939 /* CoreDataStack.swift */,
				E112FC0723E1BCB600360F2C /* TaskRepresentation.swift */,
				E18A872123DF2354002E0939 /* Task+Convenience.swift */,
				E18A871E23DF1BF2002E0939 /* Tasks.xcdatamodeld */,
			);
			path = Models;
			sourceTree = "<group>";
		};
		E112FC0A23E1F24A00360F2C /* ViewController */ = {
			isa = PBXGroup;
			children = (
				E18A872823DF336C002E0939 /* TasksTableViewController.swift */,
				E18A872A23DF3380002E0939 /* TaskDetailViewController.swift */,
			);
			path = ViewController;
			sourceTree = "<group>";
		};
		E18A86FE23DF1758002E0939 = {
			isa = PBXGroup;
			children = (
				E18A870923DF1758002E0939 /* Tasks */,
				E18A870823DF1758002E0939 /* Products */,
			);
			sourceTree = "<group>";
		};
		E18A870823DF1758002E0939 /* Products */ = {
			isa = PBXGroup;
			children = (
				E18A870723DF1758002E0939 /* Tasks.app */,
			);
			name = Products;
			sourceTree = "<group>";
		};
		E18A870923DF1758002E0939 /* Tasks */ = {
			isa = PBXGroup;
			children = (
				E18A871023DF1758002E0939 /* Main.storyboard */,
				E18A872523DF2E5F002E0939 /* TaskController.swift */,
				E112FC0923E1F22C00360F2C /* Models */,
				E112FC0A23E1F24A00360F2C /* ViewController */,
				E18A872723DF2EFE002E0939 /* Resources */,
				E18A871823DF175D002E0939 /* Info.plist */,
			);
			path = Tasks;
			sourceTree = "<group>";
		};
		E18A872723DF2EFE002E0939 /* Resources */ = {
			isa = PBXGroup;
			children = (
				E18A870A23DF1758002E0939 /* AppDelegate.swift */,
				E18A870C23DF1758002E0939 /* SceneDelegate.swift */,
				E18A871323DF175D002E0939 /* Assets.xcassets */,
				E18A871523DF175D002E0939 /* LaunchScreen.storyboard */,
			);
			path = Resources;
			sourceTree = "<group>";
		};
/* End PBXGroup section */

/* Begin PBXNativeTarget section */
		E18A870623DF1758002E0939 /* Tasks */ = {
			isa = PBXNativeTarget;
			buildConfigurationList = E18A871B23DF175D002E0939 /* Build configuration list for PBXNativeTarget "Tasks" */;
			buildPhases = (
				E18A870323DF1758002E0939 /* Sources */,
				E18A870423DF1758002E0939 /* Frameworks */,
				E18A870523DF1758002E0939 /* Resources */,
			);
			buildRules = (
			);
			dependencies = (
			);
			name = Tasks;
			productName = Tasks;
			productReference = E18A870723DF1758002E0939 /* Tasks.app */;
			productType = "com.apple.product-type.application";
		};
/* End PBXNativeTarget section */

/* Begin PBXProject section */
		E18A86FF23DF1758002E0939 /* Project object */ = {
			isa = PBXProject;
			attributes = {
				LastSwiftUpdateCheck = 1120;
				LastUpgradeCheck = 1120;
				ORGANIZATIONNAME = "Ufuk Türközü";
				TargetAttributes = {
					E18A870623DF1758002E0939 = {
						CreatedOnToolsVersion = 11.2.1;
					};
				};
			};
			buildConfigurationList = E18A870223DF1758002E0939 /* Build configuration list for PBXProject "Tasks" */;
			compatibilityVersion = "Xcode 9.3";
			developmentRegion = en;
			hasScannedForEncodings = 0;
			knownRegions = (
				en,
				Base,
			);
			mainGroup = E18A86FE23DF1758002E0939;
			productRefGroup = E18A870823DF1758002E0939 /* Products */;
			projectDirPath = "";
			projectRoot = "";
			targets = (
				E18A870623DF1758002E0939 /* Tasks */,
			);
		};
/* End PBXProject section */

/* Begin PBXResourcesBuildPhase section */
		E18A870523DF1758002E0939 /* Resources */ = {
			isa = PBXResourcesBuildPhase;
			buildActionMask = 2147483647;
			files = (
				E18A871723DF175D002E0939 /* LaunchScreen.storyboard in Resources */,
				E18A871423DF175D002E0939 /* Assets.xcassets in Resources */,
				E18A871223DF1758002E0939 /* Main.storyboard in Resources */,
			);
			runOnlyForDeploymentPostprocessing = 0;
		};
/* End PBXResourcesBuildPhase section */

/* Begin PBXSourcesBuildPhase section */
		E18A870323DF1758002E0939 /* Sources */ = {
			isa = PBXSourcesBuildPhase;
			buildActionMask = 2147483647;
			files = (
				E18A872B23DF3380002E0939 /* TaskDetailViewController.swift in Sources */,
				E18A872623DF2E5F002E0939 /* TaskController.swift in Sources */,
				E18A872023DF1BF2002E0939 /* Tasks.xcdatamodeld in Sources */,
				E112FC0823E1BCB600360F2C /* TaskRepresentation.swift in Sources */,
				E18A870B23DF1758002E0939 /* AppDelegate.swift in Sources */,
				E18A872423DF29BF002E0939 /* CoreDataStack.swift in Sources */,
				E18A870D23DF1758002E0939 /* SceneDelegate.swift in Sources */,
				E18A872923DF336C002E0939 /* TasksTableViewController.swift in Sources */,
				E18A872223DF2354002E0939 /* Task+Convenience.swift in Sources */,
			);
			runOnlyForDeploymentPostprocessing = 0;
		};
/* End PBXSourcesBuildPhase section */

/* Begin PBXVariantGroup section */
		E18A871023DF1758002E0939 /* Main.storyboard */ = {
			isa = PBXVariantGroup;
			children = (
				E18A871123DF1758002E0939 /* Base */,
			);
			name = Main.storyboard;
			sourceTree = "<group>";
		};
		E18A871523DF175D002E0939 /* LaunchScreen.storyboard */ = {
			isa = PBXVariantGroup;
			children = (
				E18A871623DF175D002E0939 /* Base */,
			);
			name = LaunchScreen.storyboard;
			sourceTree = "<group>";
		};
/* End PBXVariantGroup section */

/* Begin XCBuildConfiguration section */
		E18A871923DF175D002E0939 /* Debug */ = {
			isa = XCBuildConfiguration;
			buildSettings = {
				ALWAYS_SEARCH_USER_PATHS = NO;
				CLANG_ANALYZER_NONNULL = YES;
				CLANG_ANALYZER_NUMBER_OBJECT_CONVERSION = YES_AGGRESSIVE;
				CLANG_CXX_LANGUAGE_STANDARD = "gnu++14";
				CLANG_CXX_LIBRARY = "libc++";
				CLANG_ENABLE_MODULES = YES;
				CLANG_ENABLE_OBJC_ARC = YES;
				CLANG_ENABLE_OBJC_WEAK = YES;
				CLANG_WARN_BLOCK_CAPTURE_AUTORELEASING = YES;
				CLANG_WARN_BOOL_CONVERSION = YES;
				CLANG_WARN_COMMA = YES;
				CLANG_WARN_CONSTANT_CONVERSION = YES;
				CLANG_WARN_DEPRECATED_OBJC_IMPLEMENTATIONS = YES;
				CLANG_WARN_DIRECT_OBJC_ISA_USAGE = YES_ERROR;
				CLANG_WARN_DOCUMENTATION_COMMENTS = YES;
				CLANG_WARN_EMPTY_BODY = YES;
				CLANG_WARN_ENUM_CONVERSION = YES;
				CLANG_WARN_INFINITE_RECURSION = YES;
				CLANG_WARN_INT_CONVERSION = YES;
				CLANG_WARN_NON_LITERAL_NULL_CONVERSION = YES;
				CLANG_WARN_OBJC_IMPLICIT_RETAIN_SELF = YES;
				CLANG_WARN_OBJC_LITERAL_CONVERSION = YES;
				CLANG_WARN_OBJC_ROOT_CLASS = YES_ERROR;
				CLANG_WARN_RANGE_LOOP_ANALYSIS = YES;
				CLANG_WARN_STRICT_PROTOTYPES = YES;
				CLANG_WARN_SUSPICIOUS_MOVE = YES;
				CLANG_WARN_UNGUARDED_AVAILABILITY = YES_AGGRESSIVE;
				CLANG_WARN_UNREACHABLE_CODE = YES;
				CLANG_WARN__DUPLICATE_METHOD_MATCH = YES;
				COPY_PHASE_STRIP = NO;
				DEBUG_INFORMATION_FORMAT = dwarf;
				ENABLE_STRICT_OBJC_MSGSEND = YES;
				ENABLE_TESTABILITY = YES;
				GCC_C_LANGUAGE_STANDARD = gnu11;
				GCC_DYNAMIC_NO_PIC = NO;
				GCC_NO_COMMON_BLOCKS = YES;
				GCC_OPTIMIZATION_LEVEL = 0;
				GCC_PREPROCESSOR_DEFINITIONS = (
					"DEBUG=1",
					"$(inherited)",
				);
				GCC_WARN_64_TO_32_BIT_CONVERSION = YES;
				GCC_WARN_ABOUT_RETURN_TYPE = YES_ERROR;
				GCC_WARN_UNDECLARED_SELECTOR = YES;
				GCC_WARN_UNINITIALIZED_AUTOS = YES_AGGRESSIVE;
				GCC_WARN_UNUSED_FUNCTION = YES;
				GCC_WARN_UNUSED_VARIABLE = YES;
				IPHONEOS_DEPLOYMENT_TARGET = 13.2;
				MTL_ENABLE_DEBUG_INFO = INCLUDE_SOURCE;
				MTL_FAST_MATH = YES;
				ONLY_ACTIVE_ARCH = YES;
				SDKROOT = iphoneos;
				SWIFT_ACTIVE_COMPILATION_CONDITIONS = DEBUG;
				SWIFT_OPTIMIZATION_LEVEL = "-Onone";
			};
			name = Debug;
		};
		E18A871A23DF175D002E0939 /* Release */ = {
			isa = XCBuildConfiguration;
			buildSettings = {
				ALWAYS_SEARCH_USER_PATHS = NO;
				CLANG_ANALYZER_NONNULL = YES;
				CLANG_ANALYZER_NUMBER_OBJECT_CONVERSION = YES_AGGRESSIVE;
				CLANG_CXX_LANGUAGE_STANDARD = "gnu++14";
				CLANG_CXX_LIBRARY = "libc++";
				CLANG_ENABLE_MODULES = YES;
				CLANG_ENABLE_OBJC_ARC = YES;
				CLANG_ENABLE_OBJC_WEAK = YES;
				CLANG_WARN_BLOCK_CAPTURE_AUTORELEASING = YES;
				CLANG_WARN_BOOL_CONVERSION = YES;
				CLANG_WARN_COMMA = YES;
				CLANG_WARN_CONSTANT_CONVERSION = YES;
				CLANG_WARN_DEPRECATED_OBJC_IMPLEMENTATIONS = YES;
				CLANG_WARN_DIRECT_OBJC_ISA_USAGE = YES_ERROR;
				CLANG_WARN_DOCUMENTATION_COMMENTS = YES;
				CLANG_WARN_EMPTY_BODY = YES;
				CLANG_WARN_ENUM_CONVERSION = YES;
				CLANG_WARN_INFINITE_RECURSION = YES;
				CLANG_WARN_INT_CONVERSION = YES;
				CLANG_WARN_NON_LITERAL_NULL_CONVERSION = YES;
				CLANG_WARN_OBJC_IMPLICIT_RETAIN_SELF = YES;
				CLANG_WARN_OBJC_LITERAL_CONVERSION = YES;
				CLANG_WARN_OBJC_ROOT_CLASS = YES_ERROR;
				CLANG_WARN_RANGE_LOOP_ANALYSIS = YES;
				CLANG_WARN_STRICT_PROTOTYPES = YES;
				CLANG_WARN_SUSPICIOUS_MOVE = YES;
				CLANG_WARN_UNGUARDED_AVAILABILITY = YES_AGGRESSIVE;
				CLANG_WARN_UNREACHABLE_CODE = YES;
				CLANG_WARN__DUPLICATE_METHOD_MATCH = YES;
				COPY_PHASE_STRIP = NO;
				DEBUG_INFORMATION_FORMAT = "dwarf-with-dsym";
				ENABLE_NS_ASSERTIONS = NO;
				ENABLE_STRICT_OBJC_MSGSEND = YES;
				GCC_C_LANGUAGE_STANDARD = gnu11;
				GCC_NO_COMMON_BLOCKS = YES;
				GCC_WARN_64_TO_32_BIT_CONVERSION = YES;
				GCC_WARN_ABOUT_RETURN_TYPE = YES_ERROR;
				GCC_WARN_UNDECLARED_SELECTOR = YES;
				GCC_WARN_UNINITIALIZED_AUTOS = YES_AGGRESSIVE;
				GCC_WARN_UNUSED_FUNCTION = YES;
				GCC_WARN_UNUSED_VARIABLE = YES;
				IPHONEOS_DEPLOYMENT_TARGET = 13.2;
				MTL_ENABLE_DEBUG_INFO = NO;
				MTL_FAST_MATH = YES;
				SDKROOT = iphoneos;
				SWIFT_COMPILATION_MODE = wholemodule;
				SWIFT_OPTIMIZATION_LEVEL = "-O";
				VALIDATE_PRODUCT = YES;
			};
			name = Release;
		};
		E18A871C23DF175D002E0939 /* Debug */ = {
			isa = XCBuildConfiguration;
			buildSettings = {
				ASSETCATALOG_COMPILER_APPICON_NAME = AppIcon;
				CODE_SIGN_STYLE = Automatic;
				DEVELOPMENT_TEAM = 2ZR247X4CU;
				INFOPLIST_FILE = Tasks/Info.plist;
				LD_RUNPATH_SEARCH_PATHS = (
					"$(inherited)",
					"@executable_path/Frameworks",
				);
				PRODUCT_BUNDLE_IDENTIFIER = com.ut.Tasks;
				PRODUCT_NAME = "$(TARGET_NAME)";
				SWIFT_VERSION = 5.0;
				TARGETED_DEVICE_FAMILY = "1,2";
			};
			name = Debug;
		};
		E18A871D23DF175D002E0939 /* Release */ = {
			isa = XCBuildConfiguration;
			buildSettings = {
				ASSETCATALOG_COMPILER_APPICON_NAME = AppIcon;
				CODE_SIGN_STYLE = Automatic;
				DEVELOPMENT_TEAM = 2ZR247X4CU;
				INFOPLIST_FILE = Tasks/Info.plist;
				LD_RUNPATH_SEARCH_PATHS = (
					"$(inherited)",
					"@executable_path/Frameworks",
				);
				PRODUCT_BUNDLE_IDENTIFIER = com.ut.Tasks;
				PRODUCT_NAME = "$(TARGET_NAME)";
				SWIFT_VERSION = 5.0;
				TARGETED_DEVICE_FAMILY = "1,2";
			};
			name = Release;
		};
/* End XCBuildConfiguration section */

/* Begin XCConfigurationList section */
		E18A870223DF1758002E0939 /* Build configuration list for PBXProject "Tasks" */ = {
			isa = XCConfigurationList;
			buildConfigurations = (
				E18A871923DF175D002E0939 /* Debug */,
				E18A871A23DF175D002E0939 /* Release */,
			);
			defaultConfigurationIsVisible = 0;
			defaultConfigurationName = Release;
		};
		E18A871B23DF175D002E0939 /* Build configuration list for PBXNativeTarget "Tasks" */ = {
			isa = XCConfigurationList;
			buildConfigurations = (
				E18A871C23DF175D002E0939 /* Debug */,
				E18A871D23DF175D002E0939 /* Release */,
			);
			defaultConfigurationIsVisible = 0;
			defaultConfigurationName = Release;
		};
/* End XCConfigurationList section */

/* Begin XCVersionGroup section */
		E18A871E23DF1BF2002E0939 /* Tasks.xcdatamodeld */ = {
			isa = XCVersionGroup;
			children = (
				E112FC0623E1B1FC00360F2C /* Tasks 3.xcdatamodel */,
				E17C79DE23E065B0005C3AC9 /* Tasks 2.xcdatamodel */,
				E18A871F23DF1BF2002E0939 /* Tasks.xcdatamodel */,
			);
			currentVersion = E112FC0623E1B1FC00360F2C /* Tasks 3.xcdatamodel */;
			path = Tasks.xcdatamodeld;
			sourceTree = "<group>";
			versionGroupType = wrapper.xcdatamodel;
		};
/* End XCVersionGroup section */
	};
	rootObject = E18A86FF23DF1758002E0939 /* Project object */;
}
