// !$*UTF8*$!
{
	archiveVersion = 1;
	classes = {
	};
	objectVersion = 50;
	objects = {

/* Begin PBXBuildFile section */
		E160917F23D4E839002F3876 /* AppDelegate.swift in Sources */ = {isa = PBXBuildFile; fileRef = E160917E23D4E839002F3876 /* AppDelegate.swift */; };
		E160918123D4E839002F3876 /* SceneDelegate.swift in Sources */ = {isa = PBXBuildFile; fileRef = E160918023D4E839002F3876 /* SceneDelegate.swift */; };
		E160918623D4E839002F3876 /* Main.storyboard in Resources */ = {isa = PBXBuildFile; fileRef = E160918423D4E839002F3876 /* Main.storyboard */; };
		E160918823D4E83F002F3876 /* Assets.xcassets in Resources */ = {isa = PBXBuildFile; fileRef = E160918723D4E83F002F3876 /* Assets.xcassets */; };
		E160918B23D4E83F002F3876 /* LaunchScreen.storyboard in Resources */ = {isa = PBXBuildFile; fileRef = E160918923D4E83F002F3876 /* LaunchScreen.storyboard */; };
		E160919423D4EC83002F3876 /* Pokemon.swift in Sources */ = {isa = PBXBuildFile; fileRef = E160919323D4EC83002F3876 /* Pokemon.swift */; };
		E160919623D4F01D002F3876 /* PokemonTableViewController.swift in Sources */ = {isa = PBXBuildFile; fileRef = E160919523D4F01D002F3876 /* PokemonTableViewController.swift */; };
		E160919823D4F037002F3876 /* PokemonAPIController.swift in Sources */ = {isa = PBXBuildFile; fileRef = E160919723D4F037002F3876 /* PokemonAPIController.swift */; };
		E160919A23D4F05D002F3876 /* PokemonDetailViewController.swift in Sources */ = {isa = PBXBuildFile; fileRef = E160919923D4F05D002F3876 /* PokemonDetailViewController.swift */; };
/* End PBXBuildFile section */

/* Begin PBXFileReference section */
		E160917B23D4E839002F3876 /* PokeDex2.app */ = {isa = PBXFileReference; explicitFileType = wrapper.application; includeInIndex = 0; path = PokeDex2.app; sourceTree = BUILT_PRODUCTS_DIR; };
		E160917E23D4E839002F3876 /* AppDelegate.swift */ = {isa = PBXFileReference; lastKnownFileType = sourcecode.swift; path = AppDelegate.swift; sourceTree = "<group>"; };
		E160918023D4E839002F3876 /* SceneDelegate.swift */ = {isa = PBXFileReference; lastKnownFileType = sourcecode.swift; path = SceneDelegate.swift; sourceTree = "<group>"; };
		E160918523D4E839002F3876 /* Base */ = {isa = PBXFileReference; lastKnownFileType = file.storyboard; name = Base; path = Base.lproj/Main.storyboard; sourceTree = "<group>"; };
		E160918723D4E83F002F3876 /* Assets.xcassets */ = {isa = PBXFileReference; lastKnownFileType = folder.assetcatalog; path = Assets.xcassets; sourceTree = "<group>"; };
		E160918A23D4E83F002F3876 /* Base */ = {isa = PBXFileReference; lastKnownFileType = file.storyboard; name = Base; path = Base.lproj/LaunchScreen.storyboard; sourceTree = "<group>"; };
		E160918C23D4E83F002F3876 /* Info.plist */ = {isa = PBXFileReference; lastKnownFileType = text.plist.xml; path = Info.plist; sourceTree = "<group>"; };
		E160919323D4EC83002F3876 /* Pokemon.swift */ = {isa = PBXFileReference; lastKnownFileType = sourcecode.swift; path = Pokemon.swift; sourceTree = "<group>"; };
		E160919523D4F01D002F3876 /* PokemonTableViewController.swift */ = {isa = PBXFileReference; lastKnownFileType = sourcecode.swift; path = PokemonTableViewController.swift; sourceTree = "<group>"; };
		E160919723D4F037002F3876 /* PokemonAPIController.swift */ = {isa = PBXFileReference; lastKnownFileType = sourcecode.swift; path = PokemonAPIController.swift; sourceTree = "<group>"; };
		E160919923D4F05D002F3876 /* PokemonDetailViewController.swift */ = {isa = PBXFileReference; lastKnownFileType = sourcecode.swift; path = PokemonDetailViewController.swift; sourceTree = "<group>"; };
/* End PBXFileReference section */

/* Begin PBXFrameworksBuildPhase section */
		E160917823D4E839002F3876 /* Frameworks */ = {
			isa = PBXFrameworksBuildPhase;
			buildActionMask = 2147483647;
			files = (
			);
			runOnlyForDeploymentPostprocessing = 0;
		};
/* End PBXFrameworksBuildPhase section */

/* Begin PBXGroup section */
		E160917223D4E839002F3876 = {
			isa = PBXGroup;
			children = (
				E160917D23D4E839002F3876 /* PokeDex2 */,
				E160917C23D4E839002F3876 /* Products */,
			);
			sourceTree = "<group>";
		};
		E160917C23D4E839002F3876 /* Products */ = {
			isa = PBXGroup;
			children = (
				E160917B23D4E839002F3876 /* PokeDex2.app */,
			);
			name = Products;
			sourceTree = "<group>";
		};
		E160917D23D4E839002F3876 /* PokeDex2 */ = {
			isa = PBXGroup;
			children = (
				E160919223D4E949002F3876 /* Resources */,
				E160918423D4E839002F3876 /* Main.storyboard */,
				E160919323D4EC83002F3876 /* Pokemon.swift */,
				E160919723D4F037002F3876 /* PokemonAPIController.swift */,
				E160919523D4F01D002F3876 /* PokemonTableViewController.swift */,
				E160919923D4F05D002F3876 /* PokemonDetailViewController.swift */,
				E160918C23D4E83F002F3876 /* Info.plist */,
			);
			path = PokeDex2;
			sourceTree = "<group>";
		};
		E160919223D4E949002F3876 /* Resources */ = {
			isa = PBXGroup;
			children = (
				E160917E23D4E839002F3876 /* AppDelegate.swift */,
				E160918023D4E839002F3876 /* SceneDelegate.swift */,
				E160918723D4E83F002F3876 /* Assets.xcassets */,
				E160918923D4E83F002F3876 /* LaunchScreen.storyboard */,
			);
			path = Resources;
			sourceTree = "<group>";
		};
/* End PBXGroup section */

/* Begin PBXNativeTarget section */
		E160917A23D4E839002F3876 /* PokeDex2 */ = {
			isa = PBXNativeTarget;
			buildConfigurationList = E160918F23D4E83F002F3876 /* Build configuration list for PBXNativeTarget "PokeDex2" */;
			buildPhases = (
				E160917723D4E839002F3876 /* Sources */,
				E160917823D4E839002F3876 /* Frameworks */,
				E160917923D4E839002F3876 /* Resources */,
			);
			buildRules = (
			);
			dependencies = (
			);
			name = PokeDex2;
			productName = PokeDex2;
			productReference = E160917B23D4E839002F3876 /* PokeDex2.app */;
			productType = "com.apple.product-type.application";
		};
/* End PBXNativeTarget section */

/* Begin PBXProject section */
		E160917323D4E839002F3876 /* Project object */ = {
			isa = PBXProject;
			attributes = {
				LastSwiftUpdateCheck = 1120;
				LastUpgradeCheck = 1120;
				ORGANIZATIONNAME = "Ufuk Türközü";
				TargetAttributes = {
					E160917A23D4E839002F3876 = {
						CreatedOnToolsVersion = 11.2.1;
					};
				};
			};
			buildConfigurationList = E160917623D4E839002F3876 /* Build configuration list for PBXProject "PokeDex2" */;
			compatibilityVersion = "Xcode 9.3";
			developmentRegion = en;
			hasScannedForEncodings = 0;
			knownRegions = (
				en,
				Base,
			);
			mainGroup = E160917223D4E839002F3876;
			productRefGroup = E160917C23D4E839002F3876 /* Products */;
			projectDirPath = "";
			projectRoot = "";
			targets = (
				E160917A23D4E839002F3876 /* PokeDex2 */,
			);
		};
/* End PBXProject section */

/* Begin PBXResourcesBuildPhase section */
		E160917923D4E839002F3876 /* Resources */ = {
			isa = PBXResourcesBuildPhase;
			buildActionMask = 2147483647;
			files = (
				E160918B23D4E83F002F3876 /* LaunchScreen.storyboard in Resources */,
				E160918823D4E83F002F3876 /* Assets.xcassets in Resources */,
				E160918623D4E839002F3876 /* Main.storyboard in Resources */,
			);
			runOnlyForDeploymentPostprocessing = 0;
		};
/* End PBXResourcesBuildPhase section */

/* Begin PBXSourcesBuildPhase section */
		E160917723D4E839002F3876 /* Sources */ = {
			isa = PBXSourcesBuildPhase;
			buildActionMask = 2147483647;
			files = (
				E160917F23D4E839002F3876 /* AppDelegate.swift in Sources */,
				E160919823D4F037002F3876 /* PokemonAPIController.swift in Sources */,
				E160918123D4E839002F3876 /* SceneDelegate.swift in Sources */,
				E160919623D4F01D002F3876 /* PokemonTableViewController.swift in Sources */,
				E160919423D4EC83002F3876 /* Pokemon.swift in Sources */,
				E160919A23D4F05D002F3876 /* PokemonDetailViewController.swift in Sources */,
			);
			runOnlyForDeploymentPostprocessing = 0;
		};
/* End PBXSourcesBuildPhase section */

/* Begin PBXVariantGroup section */
		E160918423D4E839002F3876 /* Main.storyboard */ = {
			isa = PBXVariantGroup;
			children = (
				E160918523D4E839002F3876 /* Base */,
			);
			name = Main.storyboard;
			sourceTree = "<group>";
		};
		E160918923D4E83F002F3876 /* LaunchScreen.storyboard */ = {
			isa = PBXVariantGroup;
			children = (
				E160918A23D4E83F002F3876 /* Base */,
			);
			name = LaunchScreen.storyboard;
			sourceTree = "<group>";
		};
/* End PBXVariantGroup section */

/* Begin XCBuildConfiguration section */
		E160918D23D4E83F002F3876 /* Debug */ = {
			isa = XCBuildConfiguration;
			buildSettings = {
				ALWAYS_SEARCH_USER_PATHS = NO;
				CLANG_ANALYZER_NONNULL = YES;
				CLANG_ANALYZER_NUMBER_OBJECT_CONVERSION = YES_AGGRESSIVE;
				CLANG_CXX_LANGUAGE_STANDARD = "gnu++14";
				CLANG_CXX_LIBRARY = "libc++";
				CLANG_ENABLE_MODULES = YES;
				CLANG_ENABLE_OBJC_ARC = YES;
				CLANG_ENABLE_OBJC_WEAK = YES;
				CLANG_WARN_BLOCK_CAPTURE_AUTORELEASING = YES;
				CLANG_WARN_BOOL_CONVERSION = YES;
				CLANG_WARN_COMMA = YES;
				CLANG_WARN_CONSTANT_CONVERSION = YES;
				CLANG_WARN_DEPRECATED_OBJC_IMPLEMENTATIONS = YES;
				CLANG_WARN_DIRECT_OBJC_ISA_USAGE = YES_ERROR;
				CLANG_WARN_DOCUMENTATION_COMMENTS = YES;
				CLANG_WARN_EMPTY_BODY = YES;
				CLANG_WARN_ENUM_CONVERSION = YES;
				CLANG_WARN_INFINITE_RECURSION = YES;
				CLANG_WARN_INT_CONVERSION = YES;
				CLANG_WARN_NON_LITERAL_NULL_CONVERSION = YES;
				CLANG_WARN_OBJC_IMPLICIT_RETAIN_SELF = YES;
				CLANG_WARN_OBJC_LITERAL_CONVERSION = YES;
				CLANG_WARN_OBJC_ROOT_CLASS = YES_ERROR;
				CLANG_WARN_RANGE_LOOP_ANALYSIS = YES;
				CLANG_WARN_STRICT_PROTOTYPES = YES;
				CLANG_WARN_SUSPICIOUS_MOVE = YES;
				CLANG_WARN_UNGUARDED_AVAILABILITY = YES_AGGRESSIVE;
				CLANG_WARN_UNREACHABLE_CODE = YES;
				CLANG_WARN__DUPLICATE_METHOD_MATCH = YES;
				COPY_PHASE_STRIP = NO;
				DEBUG_INFORMATION_FORMAT = dwarf;
				ENABLE_STRICT_OBJC_MSGSEND = YES;
				ENABLE_TESTABILITY = YES;
				GCC_C_LANGUAGE_STANDARD = gnu11;
				GCC_DYNAMIC_NO_PIC = NO;
				GCC_NO_COMMON_BLOCKS = YES;
				GCC_OPTIMIZATION_LEVEL = 0;
				GCC_PREPROCESSOR_DEFINITIONS = (
					"DEBUG=1",
					"$(inherited)",
				);
				GCC_WARN_64_TO_32_BIT_CONVERSION = YES;
				GCC_WARN_ABOUT_RETURN_TYPE = YES_ERROR;
				GCC_WARN_UNDECLARED_SELECTOR = YES;
				GCC_WARN_UNINITIALIZED_AUTOS = YES_AGGRESSIVE;
				GCC_WARN_UNUSED_FUNCTION = YES;
				GCC_WARN_UNUSED_VARIABLE = YES;
				IPHONEOS_DEPLOYMENT_TARGET = 13.2;
				MTL_ENABLE_DEBUG_INFO = INCLUDE_SOURCE;
				MTL_FAST_MATH = YES;
				ONLY_ACTIVE_ARCH = YES;
				SDKROOT = iphoneos;
				SWIFT_ACTIVE_COMPILATION_CONDITIONS = DEBUG;
				SWIFT_OPTIMIZATION_LEVEL = "-Onone";
			};
			name = Debug;
		};
		E160918E23D4E83F002F3876 /* Release */ = {
			isa = XCBuildConfiguration;
			buildSettings = {
				ALWAYS_SEARCH_USER_PATHS = NO;
				CLANG_ANALYZER_NONNULL = YES;
				CLANG_ANALYZER_NUMBER_OBJECT_CONVERSION = YES_AGGRESSIVE;
				CLANG_CXX_LANGUAGE_STANDARD = "gnu++14";
				CLANG_CXX_LIBRARY = "libc++";
				CLANG_ENABLE_MODULES = YES;
				CLANG_ENABLE_OBJC_ARC = YES;
				CLANG_ENABLE_OBJC_WEAK = YES;
				CLANG_WARN_BLOCK_CAPTURE_AUTORELEASING = YES;
				CLANG_WARN_BOOL_CONVERSION = YES;
				CLANG_WARN_COMMA = YES;
				CLANG_WARN_CONSTANT_CONVERSION = YES;
				CLANG_WARN_DEPRECATED_OBJC_IMPLEMENTATIONS = YES;
				CLANG_WARN_DIRECT_OBJC_ISA_USAGE = YES_ERROR;
				CLANG_WARN_DOCUMENTATION_COMMENTS = YES;
				CLANG_WARN_EMPTY_BODY = YES;
				CLANG_WARN_ENUM_CONVERSION = YES;
				CLANG_WARN_INFINITE_RECURSION = YES;
				CLANG_WARN_INT_CONVERSION = YES;
				CLANG_WARN_NON_LITERAL_NULL_CONVERSION = YES;
				CLANG_WARN_OBJC_IMPLICIT_RETAIN_SELF = YES;
				CLANG_WARN_OBJC_LITERAL_CONVERSION = YES;
				CLANG_WARN_OBJC_ROOT_CLASS = YES_ERROR;
				CLANG_WARN_RANGE_LOOP_ANALYSIS = YES;
				CLANG_WARN_STRICT_PROTOTYPES = YES;
				CLANG_WARN_SUSPICIOUS_MOVE = YES;
				CLANG_WARN_UNGUARDED_AVAILABILITY = YES_AGGRESSIVE;
				CLANG_WARN_UNREACHABLE_CODE = YES;
				CLANG_WARN__DUPLICATE_METHOD_MATCH = YES;
				COPY_PHASE_STRIP = NO;
				DEBUG_INFORMATION_FORMAT = "dwarf-with-dsym";
				ENABLE_NS_ASSERTIONS = NO;
				ENABLE_STRICT_OBJC_MSGSEND = YES;
				GCC_C_LANGUAGE_STANDARD = gnu11;
				GCC_NO_COMMON_BLOCKS = YES;
				GCC_WARN_64_TO_32_BIT_CONVERSION = YES;
				GCC_WARN_ABOUT_RETURN_TYPE = YES_ERROR;
				GCC_WARN_UNDECLARED_SELECTOR = YES;
				GCC_WARN_UNINITIALIZED_AUTOS = YES_AGGRESSIVE;
				GCC_WARN_UNUSED_FUNCTION = YES;
				GCC_WARN_UNUSED_VARIABLE = YES;
				IPHONEOS_DEPLOYMENT_TARGET = 13.2;
				MTL_ENABLE_DEBUG_INFO = NO;
				MTL_FAST_MATH = YES;
				SDKROOT = iphoneos;
				SWIFT_COMPILATION_MODE = wholemodule;
				SWIFT_OPTIMIZATION_LEVEL = "-O";
				VALIDATE_PRODUCT = YES;
			};
			name = Release;
		};
		E160919023D4E83F002F3876 /* Debug */ = {
			isa = XCBuildConfiguration;
			buildSettings = {
				ASSETCATALOG_COMPILER_APPICON_NAME = AppIcon;
				CODE_SIGN_STYLE = Automatic;
				DEVELOPMENT_TEAM = 2ZR247X4CU;
				INFOPLIST_FILE = PokeDex2/Info.plist;
				LD_RUNPATH_SEARCH_PATHS = (
					"$(inherited)",
					"@executable_path/Frameworks",
				);
				PRODUCT_BUNDLE_IDENTIFIER = com.ut.PokeDex2;
				PRODUCT_NAME = "$(TARGET_NAME)";
				SWIFT_VERSION = 5.0;
				TARGETED_DEVICE_FAMILY = "1,2";
			};
			name = Debug;
		};
		E160919123D4E83F002F3876 /* Release */ = {
			isa = XCBuildConfiguration;
			buildSettings = {
				ASSETCATALOG_COMPILER_APPICON_NAME = AppIcon;
				CODE_SIGN_STYLE = Automatic;
				DEVELOPMENT_TEAM = 2ZR247X4CU;
				INFOPLIST_FILE = PokeDex2/Info.plist;
				LD_RUNPATH_SEARCH_PATHS = (
					"$(inherited)",
					"@executable_path/Frameworks",
				);
				PRODUCT_BUNDLE_IDENTIFIER = com.ut.PokeDex2;
				PRODUCT_NAME = "$(TARGET_NAME)";
				SWIFT_VERSION = 5.0;
				TARGETED_DEVICE_FAMILY = "1,2";
			};
			name = Release;
		};
/* End XCBuildConfiguration section */

/* Begin XCConfigurationList section */
		E160917623D4E839002F3876 /* Build configuration list for PBXProject "PokeDex2" */ = {
			isa = XCConfigurationList;
			buildConfigurations = (
				E160918D23D4E83F002F3876 /* Debug */,
				E160918E23D4E83F002F3876 /* Release */,
			);
			defaultConfigurationIsVisible = 0;
			defaultConfigurationName = Release;
		};
		E160918F23D4E83F002F3876 /* Build configuration list for PBXNativeTarget "PokeDex2" */ = {
			isa = XCConfigurationList;
			buildConfigurations = (
				E160919023D4E83F002F3876 /* Debug */,
				E160919123D4E83F002F3876 /* Release */,
			);
			defaultConfigurationIsVisible = 0;
			defaultConfigurationName = Release;
		};
/* End XCConfigurationList section */
	};
	rootObject = E160917323D4E839002F3876 /* Project object */;
}
